
Microsoft Visual Studio Solution File, Format Version 12.00
# Visual Studio Version 17
VisualStudioVersion = 17.0.31903.59
MinimumVisualStudioVersion = 10.0.40219.1
Project("{F2A71F9B-5D33-465A-A702-920D77279786}") = "Homework3", "Homework3.fsproj", "{F025FAA8-CD85-4FE7-8D20-91719FEA2EE5}"
EndProject
Project("{F2A71F9B-5D33-465A-A702-920D77279786}") = "Tests", "Tests\Tests.fsproj", "{9EB51FA6-FE4D-4D8A-962B-03707DCF8081}"
EndProject
Global
	GlobalSection(SolutionConfigurationPlatforms) = preSolution
		Debug|Any CPU = Debug|Any CPU
		Release|Any CPU = Release|Any CPU
	EndGlobalSection
	GlobalSection(SolutionProperties) = preSolution
		HideSolutionNode = FALSE
	EndGlobalSection
	GlobalSection(ProjectConfigurationPlatforms) = postSolution
		{F025FAA8-CD85-4FE7-8D20-91719FEA2EE5}.Debug|Any CPU.ActiveCfg = Debug|Any CPU
		{F025FAA8-CD85-4FE7-8D20-91719FEA2EE5}.Debug|Any CPU.Build.0 = Debug|Any CPU
		{F025FAA8-CD85-4FE7-8D20-91719FEA2EE5}.Release|Any CPU.ActiveCfg = Release|Any CPU
		{F025FAA8-CD85-4FE7-8D20-91719FEA2EE5}.Release|Any CPU.Build.0 = Release|Any CPU
		{9EB51FA6-FE4D-4D8A-962B-03707DCF8081}.Debug|Any CPU.ActiveCfg = Debug|Any CPU
		{9EB51FA6-FE4D-4D8A-962B-03707DCF8081}.Debug|Any CPU.Build.0 = Debug|Any CPU
		{9EB51FA6-FE4D-4D8A-962B-03707DCF8081}.Release|Any CPU.ActiveCfg = Release|Any CPU
		{9EB51FA6-FE4D-4D8A-962B-03707DCF8081}.Release|Any CPU.Build.0 = Release|Any CPU
	EndGlobalSection
EndGlobal
